github.com/justmadeid/go-say-hello v1.0.0 h1:aVl5+OkmUBdRZgVmmLGuavnJlGXyVNDLvRb/FEeLRLg=
github.com/justmadeid/go-say-hello v1.0.0/go.mod h1:SCmrp5Kb6pwTuzKowlnETnb1Ag71dphR9kMp7dpgY00=
github.com/justmadeid/go-say-hello v1.5.0 h1:ojveHtF3/BzLvk+J4bWuOescyfmZhalT7+YCuF92oLw=
github.com/justmadeid/go-say-hello v1.5.0/go.mod h1:SCmrp5Kb6pwTuzKowlnETnb1Ag71dphR9kMp7dpgY00=
